// !$*UTF8*$!
{
	archiveVersion = 1;
	classes = {
	};
	objectVersion = 48;
	objects = {

/* Begin PBXBuildFile section */
		C1381CF9200B81A700BD2A1F /* AppDelegate.swift in Sources */ = {isa = PBXBuildFile; fileRef = C1381CF8200B81A700BD2A1F /* AppDelegate.swift */; };
		C1381CFB200B81A700BD2A1F /* AuthenticationVC.swift in Sources */ = {isa = PBXBuildFile; fileRef = C1381CFA200B81A700BD2A1F /* AuthenticationVC.swift */; };
		C1381CFE200B81A700BD2A1F /* Main.storyboard in Resources */ = {isa = PBXBuildFile; fileRef = C1381CFC200B81A700BD2A1F /* Main.storyboard */; };
		C1381D00200B81A700BD2A1F /* Assets.xcassets in Resources */ = {isa = PBXBuildFile; fileRef = C1381CFF200B81A700BD2A1F /* Assets.xcassets */; };
		C1381D03200B81A700BD2A1F /* LaunchScreen.storyboard in Resources */ = {isa = PBXBuildFile; fileRef = C1381D01200B81A700BD2A1F /* LaunchScreen.storyboard */; };
		C1381D0E200B81A700BD2A1F /* TouchyTests.swift in Sources */ = {isa = PBXBuildFile; fileRef = C1381D0D200B81A700BD2A1F /* TouchyTests.swift */; };
		C1381D19200B81A700BD2A1F /* TouchyUITests.swift in Sources */ = {isa = PBXBuildFile; fileRef = C1381D18200B81A700BD2A1F /* TouchyUITests.swift */; };
		C1381D2B200B8C0100BD2A1F /* LocalAuthentication.framework in Frameworks */ = {isa = PBXBuildFile; fileRef = C1381D2A200B8BF800BD2A1F /* LocalAuthentication.framework */; };
		C1381D2D200B8CFD00BD2A1F /* RoundedOutlineView.swift in Sources */ = {isa = PBXBuildFile; fileRef = C1381D2C200B8CFD00BD2A1F /* RoundedOutlineView.swift */; };
		C1EC7C12200BBFAA00EC7D04 /* MainVC.swift in Sources */ = {isa = PBXBuildFile; fileRef = C1EC7C11200BBFAA00EC7D04 /* MainVC.swift */; };
		C1EC7C14200BC1E500EC7D04 /* WebViewVC.swift in Sources */ = {isa = PBXBuildFile; fileRef = C1EC7C13200BC1E500EC7D04 /* WebViewVC.swift */; };
/* End PBXBuildFile section */

/* Begin PBXContainerItemProxy section */
		C1381D0A200B81A700BD2A1F /* PBXContainerItemProxy */ = {
			isa = PBXContainerItemProxy;
			containerPortal = C1381CED200B81A700BD2A1F /* Project object */;
			proxyType = 1;
			remoteGlobalIDString = C1381CF4200B81A700BD2A1F;
			remoteInfo = Touchy;
		};
		C1381D15200B81A700BD2A1F /* PBXContainerItemProxy */ = {
			isa = PBXContainerItemProxy;
			containerPortal = C1381CED200B81A700BD2A1F /* Project object */;
			proxyType = 1;
			remoteGlobalIDString = C1381CF4200B81A700BD2A1F;
			remoteInfo = Touchy;
		};
/* End PBXContainerItemProxy section */

/* Begin PBXFileReference section */
		C1381CF5200B81A700BD2A1F /* TouchNaviWeb.app */ = {isa = PBXFileReference; explicitFileType = wrapper.application; includeInIndex = 0; path = TouchNaviWeb.app; sourceTree = BUILT_PRODUCTS_DIR; };
		C1381CF8200B81A700BD2A1F /* AppDelegate.swift */ = {isa = PBXFileReference; lastKnownFileType = sourcecode.swift; path = AppDelegate.swift; sourceTree = "<group>"; };
		C1381CFA200B81A700BD2A1F /* AuthenticationVC.swift */ = {isa = PBXFileReference; lastKnownFileType = sourcecode.swift; path = AuthenticationVC.swift; sourceTree = "<group>"; };
		C1381CFD200B81A700BD2A1F /* Base */ = {isa = PBXFileReference; lastKnownFileType = file.storyboard; name = Base; path = Base.lproj/Main.storyboard; sourceTree = "<group>"; };
		C1381CFF200B81A700BD2A1F /* Assets.xcassets */ = {isa = PBXFileReference; lastKnownFileType = folder.assetcatalog; path = Assets.xcassets; sourceTree = "<group>"; };
		C1381D02200B81A700BD2A1F /* Base */ = {isa = PBXFileReference; lastKnownFileType = file.storyboard; name = Base; path = Base.lproj/LaunchScreen.storyboard; sourceTree = "<group>"; };
		C1381D04200B81A700BD2A1F /* Info.plist */ = {isa = PBXFileReference; lastKnownFileType = text.plist.xml; path = Info.plist; sourceTree = "<group>"; };
		C1381D09200B81A700BD2A1F /* TouchNaviWebTests.xctest */ = {isa = PBXFileReference; explicitFileType = wrapper.cfbundle; includeInIndex = 0; path = TouchNaviWebTests.xctest; sourceTree = BUILT_PRODUCTS_DIR; };
		C1381D0D200B81A700BD2A1F /* TouchyTests.swift */ = {isa = PBXFileReference; lastKnownFileType = sourcecode.swift; path = TouchyTests.swift; sourceTree = "<group>"; };
		C1381D0F200B81A700BD2A1F /* Info.plist */ = {isa = PBXFileReference; lastKnownFileType = text.plist.xml; path = Info.plist; sourceTree = "<group>"; };
		C1381D14200B81A700BD2A1F /* TouchNaviWebUITests.xctest */ = {isa = PBXFileReference; explicitFileType = wrapper.cfbundle; includeInIndex = 0; path = TouchNaviWebUITests.xctest; sourceTree = BUILT_PRODUCTS_DIR; };
		C1381D18200B81A700BD2A1F /* TouchyUITests.swift */ = {isa = PBXFileReference; lastKnownFileType = sourcecode.swift; path = TouchyUITests.swift; sourceTree = "<group>"; };
		C1381D1A200B81A700BD2A1F /* Info.plist */ = {isa = PBXFileReference; lastKnownFileType = text.plist.xml; path = Info.plist; sourceTree = "<group>"; };
		C1381D2A200B8BF800BD2A1F /* LocalAuthentication.framework */ = {isa = PBXFileReference; lastKnownFileType = wrapper.framework; name = LocalAuthentication.framework; path = System/Library/Frameworks/LocalAuthentication.framework; sourceTree = SDKROOT; };
		C1381D2C200B8CFD00BD2A1F /* RoundedOutlineView.swift */ = {isa = PBXFileReference; lastKnownFileType = sourcecode.swift; path = RoundedOutlineView.swift; sourceTree = "<group>"; };
		C1EC7C11200BBFAA00EC7D04 /* MainVC.swift */ = {isa = PBXFileReference; lastKnownFileType = sourcecode.swift; path = MainVC.swift; sourceTree = "<group>"; };
		C1EC7C13200BC1E500EC7D04 /* WebViewVC.swift */ = {isa = PBXFileReference; lastKnownFileType = sourcecode.swift; path = WebViewVC.swift; sourceTree = "<group>"; };
/* End PBXFileReference section */

/* Begin PBXFrameworksBuildPhase section */
		C1381CF2200B81A700BD2A1F /* Frameworks */ = {
			isa = PBXFrameworksBuildPhase;
			buildActionMask = 2147483647;
			files = (
				C1381D2B200B8C0100BD2A1F /* LocalAuthentication.framework in Frameworks */,
			);
			runOnlyForDeploymentPostprocessing = 0;
		};
		C1381D06200B81A700BD2A1F /* Frameworks */ = {
			isa = PBXFrameworksBuildPhase;
			buildActionMask = 2147483647;
			files = (
			);
			runOnlyForDeploymentPostprocessing = 0;
		};
		C1381D11200B81A700BD2A1F /* Frameworks */ = {
			isa = PBXFrameworksBuildPhase;
			buildActionMask = 2147483647;
			files = (
			);
			runOnlyForDeploymentPostprocessing = 0;
		};
/* End PBXFrameworksBuildPhase section */

/* Begin PBXGroup section */
		C1381CEC200B81A700BD2A1F = {
			isa = PBXGroup;
			children = (
				C1381CF7200B81A700BD2A1F /* TouchNaviWeb */,
				C1381D0C200B81A700BD2A1F /* TouchNaviWebTests */,
				C1381D17200B81A700BD2A1F /* TouchNaviWebUITests */,
				C1381CF6200B81A700BD2A1F /* Products */,
				C1381D29200B8BF800BD2A1F /* Frameworks */,
			);
			sourceTree = "<group>";
		};
		C1381CF6200B81A700BD2A1F /* Products */ = {
			isa = PBXGroup;
			children = (
				C1381CF5200B81A700BD2A1F /* TouchNaviWeb.app */,
				C1381D09200B81A700BD2A1F /* TouchNaviWebTests.xctest */,
				C1381D14200B81A700BD2A1F /* TouchNaviWebUITests.xctest */,
			);
			name = Products;
			sourceTree = "<group>";
		};
		C1381CF7200B81A700BD2A1F /* TouchNaviWeb */ = {
			isa = PBXGroup;
			children = (
				C1381D28200B81EB00BD2A1F /* Model */,
				C1381D27200B81E400BD2A1F /* View */,
				C1381D26200B81DA00BD2A1F /* Controller */,
				C1381CF8200B81A700BD2A1F /* AppDelegate.swift */,
				C1381CFC200B81A700BD2A1F /* Main.storyboard */,
				C1381CFF200B81A700BD2A1F /* Assets.xcassets */,
				C1381D01200B81A700BD2A1F /* LaunchScreen.storyboard */,
				C1381D04200B81A700BD2A1F /* Info.plist */,
			);
			path = TouchNaviWeb;
			sourceTree = "<group>";
		};
		C1381D0C200B81A700BD2A1F /* TouchNaviWebTests */ = {
			isa = PBXGroup;
			children = (
				C1381D0D200B81A700BD2A1F /* TouchyTests.swift */,
				C1381D0F200B81A700BD2A1F /* Info.plist */,
			);
			path = TouchNaviWebTests;
			sourceTree = "<group>";
		};
		C1381D17200B81A700BD2A1F /* TouchNaviWebUITests */ = {
			isa = PBXGroup;
			children = (
				C1381D18200B81A700BD2A1F /* TouchyUITests.swift */,
				C1381D1A200B81A700BD2A1F /* Info.plist */,
			);
			path = TouchNaviWebUITests;
			sourceTree = "<group>";
		};
		C1381D26200B81DA00BD2A1F /* Controller */ = {
			isa = PBXGroup;
			children = (
				C1381CFA200B81A700BD2A1F /* AuthenticationVC.swift */,
				C1EC7C11200BBFAA00EC7D04 /* MainVC.swift */,
				C1EC7C13200BC1E500EC7D04 /* WebViewVC.swift */,
			);
			path = Controller;
			sourceTree = "<group>";
		};
		C1381D27200B81E400BD2A1F /* View */ = {
			isa = PBXGroup;
			children = (
				C1381D2C200B8CFD00BD2A1F /* RoundedOutlineView.swift */,
			);
			path = View;
			sourceTree = "<group>";
		};
		C1381D28200B81EB00BD2A1F /* Model */ = {
			isa = PBXGroup;
			children = (
			);
			path = Model;
			sourceTree = "<group>";
		};
		C1381D29200B8BF800BD2A1F /* Frameworks */ = {
			isa = PBXGroup;
			children = (
				C1381D2A200B8BF800BD2A1F /* LocalAuthentication.framework */,
			);
			name = Frameworks;
			sourceTree = "<group>";
		};
/* End PBXGroup section */

/* Begin PBXNativeTarget section */
		C1381CF4200B81A700BD2A1F /* TouchNaviWeb */ = {
			isa = PBXNativeTarget;
			buildConfigurationList = C1381D1D200B81A700BD2A1F /* Build configuration list for PBXNativeTarget "TouchNaviWeb" */;
			buildPhases = (
				C1381CF1200B81A700BD2A1F /* Sources */,
				C1381CF2200B81A700BD2A1F /* Frameworks */,
				C1381CF3200B81A700BD2A1F /* Resources */,
			);
			buildRules = (
			);
			dependencies = (
			);
			name = TouchNaviWeb;
			productName = Touchy;
			productReference = C1381CF5200B81A700BD2A1F /* TouchNaviWeb.app */;
			productType = "com.apple.product-type.application";
		};
		C1381D08200B81A700BD2A1F /* TouchNaviWebTests */ = {
			isa = PBXNativeTarget;
			buildConfigurationList = C1381D20200B81A700BD2A1F /* Build configuration list for PBXNativeTarget "TouchNaviWebTests" */;
			buildPhases = (
				C1381D05200B81A700BD2A1F /* Sources */,
				C1381D06200B81A700BD2A1F /* Frameworks */,
				C1381D07200B81A700BD2A1F /* Resources */,
			);
			buildRules = (
			);
			dependencies = (
				C1381D0B200B81A700BD2A1F /* PBXTargetDependency */,
			);
			name = TouchNaviWebTests;
			productName = TouchyTests;
			productReference = C1381D09200B81A700BD2A1F /* TouchNaviWebTests.xctest */;
			productType = "com.apple.product-type.bundle.unit-test";
		};
		C1381D13200B81A700BD2A1F /* TouchNaviWebUITests */ = {
			isa = PBXNativeTarget;
			buildConfigurationList = C1381D23200B81A700BD2A1F /* Build configuration list for PBXNativeTarget "TouchNaviWebUITests" */;
			buildPhases = (
				C1381D10200B81A700BD2A1F /* Sources */,
				C1381D11200B81A700BD2A1F /* Frameworks */,
				C1381D12200B81A700BD2A1F /* Resources */,
			);
			buildRules = (
			);
			dependencies = (
				C1381D16200B81A700BD2A1F /* PBXTargetDependency */,
			);
			name = TouchNaviWebUITests;
			productName = TouchyUITests;
			productReference = C1381D14200B81A700BD2A1F /* TouchNaviWebUITests.xctest */;
			productType = "com.apple.product-type.bundle.ui-testing";
		};
/* End PBXNativeTarget section */

/* Begin PBXProject section */
		C1381CED200B81A700BD2A1F /* Project object */ = {
			isa = PBXProject;
			attributes = {
				LastSwiftUpdateCheck = 0900;
				LastUpgradeCheck = 0920;
				ORGANIZATIONNAME = "Joo Hee Kim";
				TargetAttributes = {
					C1381CF4200B81A700BD2A1F = {
						CreatedOnToolsVersion = 9.0;
					};
					C1381D08200B81A700BD2A1F = {
						CreatedOnToolsVersion = 9.0;
						TestTargetID = C1381CF4200B81A700BD2A1F;
					};
					C1381D13200B81A700BD2A1F = {
						CreatedOnToolsVersion = 9.0;
						TestTargetID = C1381CF4200B81A700BD2A1F;
					};
				};
			};
			buildConfigurationList = C1381CF0200B81A700BD2A1F /* Build configuration list for PBXProject "TouchNaviWeb" */;
			compatibilityVersion = "Xcode 8.0";
			developmentRegion = en;
			hasScannedForEncodings = 0;
			knownRegions = (
				en,
				Base,
			);
			mainGroup = C1381CEC200B81A700BD2A1F;
			productRefGroup = C1381CF6200B81A700BD2A1F /* Products */;
			projectDirPath = "";
			projectRoot = "";
			targets = (
				C1381CF4200B81A700BD2A1F /* TouchNaviWeb */,
				C1381D08200B81A700BD2A1F /* TouchNaviWebTests */,
				C1381D13200B81A700BD2A1F /* TouchNaviWebUITests */,
			);
		};
/* End PBXProject section */

/* Begin PBXResourcesBuildPhase section */
		C1381CF3200B81A700BD2A1F /* Resources */ = {
			isa = PBXResourcesBuildPhase;
			buildActionMask = 2147483647;
			files = (
				C1381D03200B81A700BD2A1F /* LaunchScreen.storyboard in Resources */,
				C1381D00200B81A700BD2A1F /* Assets.xcassets in Resources */,
				C1381CFE200B81A700BD2A1F /* Main.storyboard in Resources */,
			);
			runOnlyForDeploymentPostprocessing = 0;
		};
		C1381D07200B81A700BD2A1F /* Resources */ = {
			isa = PBXResourcesBuildPhase;
			buildActionMask = 2147483647;
			files = (
			);
			runOnlyForDeploymentPostprocessing = 0;
		};
		C1381D12200B81A700BD2A1F /* Resources */ = {
			isa = PBXResourcesBuildPhase;
			buildActionMask = 2147483647;
			files = (
			);
			runOnlyForDeploymentPostprocessing = 0;
		};
/* End PBXResourcesBuildPhase section */

/* Begin PBXSourcesBuildPhase section */
		C1381CF1200B81A700BD2A1F /* Sources */ = {
			isa = PBXSourcesBuildPhase;
			buildActionMask = 2147483647;
			files = (
				C1381CFB200B81A700BD2A1F /* AuthenticationVC.swift in Sources */,
				C1EC7C12200BBFAA00EC7D04 /* MainVC.swift in Sources */,
				C1EC7C14200BC1E500EC7D04 /* WebViewVC.swift in Sources */,
				C1381D2D200B8CFD00BD2A1F /* RoundedOutlineView.swift in Sources */,
				C1381CF9200B81A700BD2A1F /* AppDelegate.swift in Sources */,
			);
			runOnlyForDeploymentPostprocessing = 0;
		};
		C1381D05200B81A700BD2A1F /* Sources */ = {
			isa = PBXSourcesBuildPhase;
			buildActionMask = 2147483647;
			files = (
				C1381D0E200B81A700BD2A1F /* TouchyTests.swift in Sources */,
			);
			runOnlyForDeploymentPostprocessing = 0;
		};
		C1381D10200B81A700BD2A1F /* Sources */ = {
			isa = PBXSourcesBuildPhase;
			buildActionMask = 2147483647;
			files = (
				C1381D19200B81A700BD2A1F /* TouchyUITests.swift in Sources */,
			);
			runOnlyForDeploymentPostprocessing = 0;
		};
/* End PBXSourcesBuildPhase section */

/* Begin PBXTargetDependency section */
		C1381D0B200B81A700BD2A1F /* PBXTargetDependency */ = {
			isa = PBXTargetDependency;
			target = C1381CF4200B81A700BD2A1F /* TouchNaviWeb */;
			targetProxy = C1381D0A200B81A700BD2A1F /* PBXContainerItemProxy */;
		};
		C1381D16200B81A700BD2A1F /* PBXTargetDependency */ = {
			isa = PBXTargetDependency;
			target = C1381CF4200B81A700BD2A1F /* TouchNaviWeb */;
			targetProxy = C1381D15200B81A700BD2A1F /* PBXContainerItemProxy */;
		};
/* End PBXTargetDependency section */

/* Begin PBXVariantGroup section */
		C1381CFC200B81A700BD2A1F /* Main.storyboard */ = {
			isa = PBXVariantGroup;
			children = (
				C1381CFD200B81A700BD2A1F /* Base */,
			);
			name = Main.storyboard;
			sourceTree = "<group>";
		};
		C1381D01200B81A700BD2A1F /* LaunchScreen.storyboard */ = {
			isa = PBXVariantGroup;
			children = (
				C1381D02200B81A700BD2A1F /* Base */,
			);
			name = LaunchScreen.storyboard;
			sourceTree = "<group>";
		};
/* End PBXVariantGroup section */

/* Begin XCBuildConfiguration section */
		C1381D1B200B81A700BD2A1F /* Debug */ = {
			isa = XCBuildConfiguration;
			buildSettings = {
				ALWAYS_SEARCH_USER_PATHS = NO;
				CLANG_ANALYZER_NONNULL = YES;
				CLANG_ANALYZER_NUMBER_OBJECT_CONVERSION = YES_AGGRESSIVE;
				CLANG_CXX_LANGUAGE_STANDARD = "gnu++14";
				CLANG_CXX_LIBRARY = "libc++";
				CLANG_ENABLE_MODULES = YES;
				CLANG_ENABLE_OBJC_ARC = YES;
				CLANG_WARN_BLOCK_CAPTURE_AUTORELEASING = YES;
				CLANG_WARN_BOOL_CONVERSION = YES;
				CLANG_WARN_COMMA = YES;
				CLANG_WARN_CONSTANT_CONVERSION = YES;
				CLANG_WARN_DIRECT_OBJC_ISA_USAGE = YES_ERROR;
				CLANG_WARN_DOCUMENTATION_COMMENTS = YES;
				CLANG_WARN_EMPTY_BODY = YES;
				CLANG_WARN_ENUM_CONVERSION = YES;
				CLANG_WARN_INFINITE_RECURSION = YES;
				CLANG_WARN_INT_CONVERSION = YES;
				CLANG_WARN_NON_LITERAL_NULL_CONVERSION = YES;
				CLANG_WARN_OBJC_LITERAL_CONVERSION = YES;
				CLANG_WARN_OBJC_ROOT_CLASS = YES_ERROR;
				CLANG_WARN_RANGE_LOOP_ANALYSIS = YES;
				CLANG_WARN_STRICT_PROTOTYPES = YES;
				CLANG_WARN_SUSPICIOUS_MOVE = YES;
				CLANG_WARN_UNGUARDED_AVAILABILITY = YES_AGGRESSIVE;
				CLANG_WARN_UNREACHABLE_CODE = YES;
				CLANG_WARN__DUPLICATE_METHOD_MATCH = YES;
				CODE_SIGN_IDENTITY = "iPhone Developer";
				COPY_PHASE_STRIP = NO;
				DEBUG_INFORMATION_FORMAT = dwarf;
				ENABLE_STRICT_OBJC_MSGSEND = YES;
				ENABLE_TESTABILITY = YES;
				GCC_C_LANGUAGE_STANDARD = gnu11;
				GCC_DYNAMIC_NO_PIC = NO;
				GCC_NO_COMMON_BLOCKS = YES;
				GCC_OPTIMIZATION_LEVEL = 0;
				GCC_PREPROCESSOR_DEFINITIONS = (
					"DEBUG=1",
					"$(inherited)",
				);
				GCC_WARN_64_TO_32_BIT_CONVERSION = YES;
				GCC_WARN_ABOUT_RETURN_TYPE = YES_ERROR;
				GCC_WARN_UNDECLARED_SELECTOR = YES;
				GCC_WARN_UNINITIALIZED_AUTOS = YES_AGGRESSIVE;
				GCC_WARN_UNUSED_FUNCTION = YES;
				GCC_WARN_UNUSED_VARIABLE = YES;
				IPHONEOS_DEPLOYMENT_TARGET = 9.3;
				MTL_ENABLE_DEBUG_INFO = YES;
				ONLY_ACTIVE_ARCH = YES;
				SDKROOT = iphoneos;
				SWIFT_ACTIVE_COMPILATION_CONDITIONS = DEBUG;
				SWIFT_OPTIMIZATION_LEVEL = "-Onone";
			};
			name = Debug;
		};
		C1381D1C200B81A700BD2A1F /* Release */ = {
			isa = XCBuildConfiguration;
			buildSettings = {
				ALWAYS_SEARCH_USER_PATHS = NO;
				CLANG_ANALYZER_NONNULL = YES;
				CLANG_ANALYZER_NUMBER_OBJECT_CONVERSION = YES_AGGRESSIVE;
				CLANG_CXX_LANGUAGE_STANDARD = "gnu++14";
				CLANG_CXX_LIBRARY = "libc++";
				CLANG_ENABLE_MODULES = YES;
				CLANG_ENABLE_OBJC_ARC = YES;
				CLANG_WARN_BLOCK_CAPTURE_AUTORELEASING = YES;
				CLANG_WARN_BOOL_CONVERSION = YES;
				CLANG_WARN_COMMA = YES;
				CLANG_WARN_CONSTANT_CONVERSION = YES;
				CLANG_WARN_DIRECT_OBJC_ISA_USAGE = YES_ERROR;
				CLANG_WARN_DOCUMENTATION_COMMENTS = YES;
				CLANG_WARN_EMPTY_BODY = YES;
				CLANG_WARN_ENUM_CONVERSION = YES;
				CLANG_WARN_INFINITE_RECURSION = YES;
				CLANG_WARN_INT_CONVERSION = YES;
				CLANG_WARN_NON_LITERAL_NULL_CONVERSION = YES;
				CLANG_WARN_OBJC_LITERAL_CONVERSION = YES;
				CLANG_WARN_OBJC_ROOT_CLASS = YES_ERROR;
				CLANG_WARN_RANGE_LOOP_ANALYSIS = YES;
				CLANG_WARN_STRICT_PROTOTYPES = YES;
				CLANG_WARN_SUSPICIOUS_MOVE = YES;
				CLANG_WARN_UNGUARDED_AVAILABILITY = YES_AGGRESSIVE;
				CLANG_WARN_UNREACHABLE_CODE = YES;
				CLANG_WARN__DUPLICATE_METHOD_MATCH = YES;
				CODE_SIGN_IDENTITY = "iPhone Developer";
				COPY_PHASE_STRIP = NO;
				DEBUG_INFORMATION_FORMAT = "dwarf-with-dsym";
				ENABLE_NS_ASSERTIONS = NO;
				ENABLE_STRICT_OBJC_MSGSEND = YES;
				GCC_C_LANGUAGE_STANDARD = gnu11;
				GCC_NO_COMMON_BLOCKS = YES;
				GCC_WARN_64_TO_32_BIT_CONVERSION = YES;
				GCC_WARN_ABOUT_RETURN_TYPE = YES_ERROR;
				GCC_WARN_UNDECLARED_SELECTOR = YES;
				GCC_WARN_UNINITIALIZED_AUTOS = YES_AGGRESSIVE;
				GCC_WARN_UNUSED_FUNCTION = YES;
				GCC_WARN_UNUSED_VARIABLE = YES;
				IPHONEOS_DEPLOYMENT_TARGET = 9.3;
				MTL_ENABLE_DEBUG_INFO = NO;
				SDKROOT = iphoneos;
				SWIFT_OPTIMIZATION_LEVEL = "-Owholemodule";
				VALIDATE_PRODUCT = YES;
			};
			name = Release;
		};
		C1381D1E200B81A700BD2A1F /* Debug */ = {
			isa = XCBuildConfiguration;
			buildSettings = {
				ASSETCATALOG_COMPILER_APPICON_NAME = AppIcon;
				DEVELOPMENT_TEAM = YB4XC4TWQV;
				INFOPLIST_FILE = TouchNaviWeb/Info.plist;
				IPHONEOS_DEPLOYMENT_TARGET = 9.3;
				LD_RUNPATH_SEARCH_PATHS = "$(inherited) @executable_path/Frameworks";
				PRODUCT_BUNDLE_IDENTIFIER = com.jhk.TouchNaviWeb;
				PRODUCT_NAME = "$(TARGET_NAME)";
				SWIFT_VERSION = 4.0;
				TARGETED_DEVICE_FAMILY = "1,2";
			};
			name = Debug;
		};
		C1381D1F200B81A700BD2A1F /* Release */ = {
			isa = XCBuildConfiguration;
			buildSettings = {
				ASSETCATALOG_COMPILER_APPICON_NAME = AppIcon;
				DEVELOPMENT_TEAM = YB4XC4TWQV;
				INFOPLIST_FILE = TouchNaviWeb/Info.plist;
				IPHONEOS_DEPLOYMENT_TARGET = 9.3;
				LD_RUNPATH_SEARCH_PATHS = "$(inherited) @executable_path/Frameworks";
				PRODUCT_BUNDLE_IDENTIFIER = com.jhk.TouchNaviWeb;
				PRODUCT_NAME = "$(TARGET_NAME)";
				SWIFT_VERSION = 4.0;
				TARGETED_DEVICE_FAMILY = "1,2";
			};
			name = Release;
		};
		C1381D21200B81A700BD2A1F /* Debug */ = {
			isa = XCBuildConfiguration;
			buildSettings = {
				ALWAYS_EMBED_SWIFT_STANDARD_LIBRARIES = YES;
				BUNDLE_LOADER = "$(TEST_HOST)";
				INFOPLIST_FILE = TouchyTests/Info.plist;
				LD_RUNPATH_SEARCH_PATHS = "$(inherited) @executable_path/Frameworks @loader_path/Frameworks";
				PRODUCT_BUNDLE_IDENTIFIER = com.jhk.TouchyTests;
				PRODUCT_NAME = "$(TARGET_NAME)";
				SWIFT_VERSION = 4.0;
				TARGETED_DEVICE_FAMILY = "1,2";
				TEST_HOST = "$(BUILT_PRODUCTS_DIR)/TouchNaviWeb.app/TouchNaviWeb";
			};
			name = Debug;
		};
		C1381D22200B81A700BD2A1F /* Release */ = {
			isa = XCBuildConfiguration;
			buildSettings = {
				ALWAYS_EMBED_SWIFT_STANDARD_LIBRARIES = YES;
				BUNDLE_LOADER = "$(TEST_HOST)";
				INFOPLIST_FILE = TouchyTests/Info.plist;
				LD_RUNPATH_SEARCH_PATHS = "$(inherited) @executable_path/Frameworks @loader_path/Frameworks";
				PRODUCT_BUNDLE_IDENTIFIER = com.jhk.TouchyTests;
				PRODUCT_NAME = "$(TARGET_NAME)";
				SWIFT_VERSION = 4.0;
				TARGETED_DEVICE_FAMILY = "1,2";
				TEST_HOST = "$(BUILT_PRODUCTS_DIR)/TouchNaviWeb.app/TouchNaviWeb";
			};
			name = Release;
		};
		C1381D24200B81A700BD2A1F /* Debug */ = {
			isa = XCBuildConfiguration;
			buildSettings = {
				ALWAYS_EMBED_SWIFT_STANDARD_LIBRARIES = YES;
				INFOPLIST_FILE = TouchyUITests/Info.plist;
				LD_RUNPATH_SEARCH_PATHS = "$(inherited) @executable_path/Frameworks @loader_path/Frameworks";
				PRODUCT_BUNDLE_IDENTIFIER = com.jhk.TouchyUITests;
				PRODUCT_NAME = "$(TARGET_NAME)";
				SWIFT_VERSION = 4.0;
				TARGETED_DEVICE_FAMILY = "1,2";
				TEST_TARGET_NAME = Touchy;
			};
			name = Debug;
		};
		C1381D25200B81A700BD2A1F /* Release */ = {
			isa = XCBuildConfiguration;
			buildSettings = {
				ALWAYS_EMBED_SWIFT_STANDARD_LIBRARIES = YES;
				INFOPLIST_FILE = TouchyUITests/Info.plist;
				LD_RUNPATH_SEARCH_PATHS = "$(inherited) @executable_path/Frameworks @loader_path/Frameworks";
				PRODUCT_BUNDLE_IDENTIFIER = com.jhk.TouchyUITests;
				PRODUCT_NAME = "$(TARGET_NAME)";
				SWIFT_VERSION = 4.0;
				TARGETED_DEVICE_FAMILY = "1,2";
				TEST_TARGET_NAME = Touchy;
			};
			name = Release;
		};
/* End XCBuildConfiguration section */

/* Begin XCConfigurationList section */
		C1381CF0200B81A700BD2A1F /* Build configuration list for PBXProject "TouchNaviWeb" */ = {
			isa = XCConfigurationList;
			buildConfigurations = (
				C1381D1B200B81A700BD2A1F /* Debug */,
				C1381D1C200B81A700BD2A1F /* Release */,
			);
			defaultConfigurationIsVisible = 0;
			defaultConfigurationName = Release;
		};
		C1381D1D200B81A700BD2A1F /* Build configuration list for PBXNativeTarget "TouchNaviWeb" */ = {
			isa = XCConfigurationList;
			buildConfigurations = (
				C1381D1E200B81A700BD2A1F /* Debug */,
				C1381D1F200B81A700BD2A1F /* Release */,
			);
			defaultConfigurationIsVisible = 0;
			defaultConfigurationName = Release;
		};
		C1381D20200B81A700BD2A1F /* Build configuration list for PBXNativeTarget "TouchNaviWebTests" */ = {
			isa = XCConfigurationList;
			buildConfigurations = (
				C1381D21200B81A700BD2A1F /* Debug */,
				C1381D22200B81A700BD2A1F /* Release */,
			);
			defaultConfigurationIsVisible = 0;
			defaultConfigurationName = Release;
		};
		C1381D23200B81A700BD2A1F /* Build configuration list for PBXNativeTarget "TouchNaviWebUITests" */ = {
			isa = XCConfigurationList;
			buildConfigurations = (
				C1381D24200B81A700BD2A1F /* Debug */,
				C1381D25200B81A700BD2A1F /* Release */,
			);
			defaultConfigurationIsVisible = 0;
			defaultConfigurationName = Release;
		};
/* End XCConfigurationList section */
	};
	rootObject = C1381CED200B81A700BD2A1F /* Project object */;
}
